{
  "name": "traice",
  "lockfileVersion": 3,
  "requires": true,
  "packages": {
    "": {
      "dependencies": {
        "supermemory": "^4.15.0"
      }
    },
    "node_modules/supermemory": {
      "version": "4.15.0",
      "resolved": "https://registry.npmjs.org/supermemory/-/supermemory-4.15.0.tgz",
      "integrity": "sha512-FNBBOEi1HMvbBecXC6gn84nGy7ZEdFW5kLv7VlWirHDPEM08omBBBHQ7H2cwBIGWUenBMDaao3kPKe9W6Ki+UQ==",
      "license": "Apache-2.0"
    }
  }
}
